<?xml version="1.0" encoding="utf-8"?>
<Project ToolsVersion="4.0" xmlns="http://schemas.microsoft.com/developer/msbuild/2003">
  <ItemGroup>
    <Filter Include="Source Files">
      <UniqueIdentifier>{4FC737F1-C7A5-4376-A066-2A32D752A2FF}</UniqueIdentifier>
      <Extensions>cpp;c;cc;cxx;c++;cppm;ixx;def;odl;idl;hpj;bat;asm;asmx</Extensions>
    </Filter>
    <Filter Include="Header Files">
      <UniqueIdentifier>{93995380-89BD-4b04-88EB-625FBE52EBFB}</UniqueIdentifier>
      <Extensions>h;hh;hpp;hxx;h++;hm;inl;inc;ipp;xsd</Extensions>
    </Filter>
    <Filter Include="Resource Files">
      <UniqueIdentifier>{67DA6AB6-F800-4c08-8B7A-83BB121AAD01}</UniqueIdentifier>
      <Extensions>rc;ico;cur;bmp;dlg;rc2;rct;bin;rgs;gif;jpg;jpeg;jpe;resx;tiff;tif;png;wav;mfcribbon-ms</Extensions>
    </Filter>
    <Filter Include="App">
      <UniqueIdentifier>{7005cfea-506a-40c9-9c8e-b9af846db64f}</UniqueIdentifier>
    </Filter>
    <Filter Include="Maths">
      <UniqueIdentifier>{85a89d06-4cb9-4b24-98ba-37adfddc83c7}</UniqueIdentifier>
    </Filter>
    <Filter Include="Texture">
      <UniqueIdentifier>{4690645d-7251-4381-b637-dbaa827243fc}</UniqueIdentifier>
    </Filter>
    <Filter Include="Draw">
      <UniqueIdentifier>{04029a0e-4055-4b8d-b1b4-c1982e266291}</UniqueIdentifier>
    </Filter>
    <Filter Include="Shader">
      <UniqueIdentifier>{3262bcc5-17a8-48cd-b545-9bcafa204444}</UniqueIdentifier>
    </Filter>
    <Filter Include="Map">
      <UniqueIdentifier>{a2d77829-f807-44af-9dcd-5521780c35a5}</UniqueIdentifier>
    </Filter>
    <Filter Include="Input">
      <UniqueIdentifier>{a57c301a-0917-41a4-80c8-9ce54344c365}</UniqueIdentifier>
    </Filter>
  </ItemGroup>
  <ItemGroup>
    <ClInclude Include="framework.h">
      <Filter>Header Files</Filter>
    </ClInclude>
    <ClInclude Include="pch.h">
      <Filter>Header Files</Filter>
    </ClInclude>
    <ClInclude Include="FutureApp.h">
      <Filter>App</Filter>
    </ClInclude>
    <ClInclude Include="MathsOps.h">
      <Filter>Maths</Filter>
    </ClInclude>
    <ClInclude Include="Texture2D.h">
      <Filter>Texture</Filter>
    </ClInclude>
    <ClInclude Include="FutureState.h">
      <Filter>App</Filter>
    </ClInclude>
    <ClInclude Include="SmartDraw.h">
      <Filter>Draw</Filter>
    </ClInclude>
    <ClInclude Include="DrawList.h">
      <Filter>Draw</Filter>
    </ClInclude>
    <ClInclude Include="DrawInfo.h">
      <Filter>Draw</Filter>
    </ClInclude>
    <ClInclude Include="ShaderModule.h">
      <Filter>Shader</Filter>
    </ClInclude>
    <ClInclude Include="GameMap.h">
      <Filter>Map</Filter>
    </ClInclude>
    <ClInclude Include="GameTile.h">
      <Filter>Map</Filter>
    </ClInclude>
    <ClInclude Include="GameCam.h">
      <Filter>Map</Filter>
    </ClInclude>
    <ClInclude Include="GameInput.h">
      <Filter>Input</Filter>
    </ClInclude>
    <ClInclude Include="GameObj.h">
      <Filter>Map</Filter>
    </ClInclude>
    <ClInclude Include="GameLight.h">
      <Filter>Map</Filter>
    </ClInclude>
  </ItemGroup>
  <ItemGroup>
    <ClCompile Include="FutureEngine.cpp">
      <Filter>Source Files</Filter>
    </ClCompile>
    <ClCompile Include="pch.cpp">
      <Filter>Source Files</Filter>
    </ClCompile>
    <ClCompile Include="FutureApp.cpp">
      <Filter>App</Filter>
    </ClCompile>
    <ClCompile Include="src\glad.c">
      <Filter>Source Files</Filter>
    </ClCompile>
    <ClCompile Include="MathsOps.cpp">
      <Filter>Maths</Filter>
    </ClCompile>
    <ClCompile Include="Texture2D.cpp">
      <Filter>Texture</Filter>
    </ClCompile>
    <ClCompile Include="FutureState.cpp">
      <Filter>App</Filter>
    </ClCompile>
    <ClCompile Include="SmartDraw.cpp">
      <Filter>Draw</Filter>
    </ClCompile>
    <ClCompile Include="DrawList.cpp">
      <Filter>Draw</Filter>
    </ClCompile>
    <ClCompile Include="DrawInfo.cpp">
      <Filter>Draw</Filter>
    </ClCompile>
    <ClCompile Include="ShaderModule.cpp">
      <Filter>Shader</Filter>
    </ClCompile>
    <ClCompile Include="GameMap.cpp">
      <Filter>Map</Filter>
    </ClCompile>
    <ClCompile Include="GameTile.cpp">
      <Filter>Map</Filter>
    </ClCompile>
    <ClCompile Include="GameCam.cpp">
      <Filter>Map</Filter>
    </ClCompile>
    <ClCompile Include="GameInput.cpp">
      <Filter>Input</Filter>
    </ClCompile>
    <ClCompile Include="GameObj.cpp">
      <Filter>Map</Filter>
    </ClCompile>
    <ClCompile Include="GameLight.cpp">
      <Filter>Map</Filter>
    </ClCompile>
  </ItemGroup>
  <ItemGroup>
    <None Include="packages.config" />
  </ItemGroup>
</Project>